# Generated by buf. DO NOT EDIT.
version: v2
deps:
  - name: buf.build/googleapis/googleapis
    commit: 711e289f6a384c4caeebaff7c6931ade
    digest: b5:968b318852fd6a5275af38047f71727d2406fb4a401912069359cd5551ee22fe4397d0e397d5e4a952eb4c96c467b82bd3c0a564fb9a48d7dfe668e4c0047c61
  - name: buf.build/grpc-ecosystem/grpc-gateway
    commit: fed2dcdcfd694403ad51cd3c94957830
    digest: b5:e6568d1ba2c09b717397d7a05bc07c49de0e551294c5339b6e1f76d737835b1809c711f307e616f089c0f66b1d2851d859a56c52ee72c763e1e1873ac40530de
